
Microsoft Visual Studio Solution File, Format Version 12.00
# Visual Studio Version 16
VisualStudioVersion = 16.0.31424.327
MinimumVisualStudioVersion = 10.0.40219.1
Project("{FAE04EC0-301F-11D3-BF4B-00C04F79EFBC}") = "Employee.App", "Employee.App\Employee.App.csproj", "{50A7FF61-B814-4447-B7FD-E81831532B83}"
EndProject
Global
	GlobalSection(SolutionConfigurationPlatforms) = preSolution
		Debug|Any CPU = Debug|Any CPU
		Release|Any CPU = Release|Any CPU
	EndGlobalSection
	GlobalSection(ProjectConfigurationPlatforms) = postSolution
		{50A7FF61-B814-4447-B7FD-E81831532B83}.Debug|Any CPU.ActiveCfg = Debug|Any CPU
		{50A7FF61-B814-4447-B7FD-E81831532B83}.Debug|Any CPU.Build.0 = Debug|Any CPU
		{50A7FF61-B814-4447-B7FD-E81831532B83}.Release|Any CPU.ActiveCfg = Release|Any CPU
		{50A7FF61-B814-4447-B7FD-E81831532B83}.Release|Any CPU.Build.0 = Release|Any CPU
	EndGlobalSection
	GlobalSection(SolutionProperties) = preSolution
		HideSolutionNode = FALSE
	EndGlobalSection
	GlobalSection(ExtensibilityGlobals) = postSolution
		SolutionGuid = {1A8BBC7C-024A-44EF-B0B6-4ED9B5DA29FE}
	EndGlobalSection
EndGlobal
